
Microsoft Visual Studio Solution File, Format Version 12.00
Project("{FAE04EC0-301F-11D3-BF4B-00C04F79EFBC}") = "LAB_08", "LAB_08\LAB_08.csproj", "{F807C316-3358-49F4-B2FE-45222E7FD616}"
EndProject
Global
	GlobalSection(SolutionConfigurationPlatforms) = preSolution
		Debug|Any CPU = Debug|Any CPU
		Release|Any CPU = Release|Any CPU
	EndGlobalSection
	GlobalSection(ProjectConfigurationPlatforms) = postSolution
		{F807C316-3358-49F4-B2FE-45222E7FD616}.Debug|Any CPU.ActiveCfg = Debug|Any CPU
		{F807C316-3358-49F4-B2FE-45222E7FD616}.Debug|Any CPU.Build.0 = Debug|Any CPU
		{F807C316-3358-49F4-B2FE-45222E7FD616}.Release|Any CPU.ActiveCfg = Release|Any CPU
		{F807C316-3358-49F4-B2FE-45222E7FD616}.Release|Any CPU.Build.0 = Release|Any CPU
	EndGlobalSection
EndGlobal
